// !$*UTF8*$!
{
	archiveVersion = 1;
	classes = {
	};
	objectVersion = 46;
	objects = {

/* Begin PBXBuildFile section */
		041A467E1EB4750B00DF749C /* MuseoSans_500.otf in Resources */ = {isa = PBXBuildFile; fileRef = 041A467D1EB4750B00DF749C /* MuseoSans_500.otf */; };
		041A46801EB4752600DF749C /* Museo300-Regular.otf in Resources */ = {isa = PBXBuildFile; fileRef = 041A467F1EB4752600DF749C /* Museo300-Regular.otf */; };
		041A46821EB4858E00DF749C /* EncounterTableViewCell.swift in Sources */ = {isa = PBXBuildFile; fileRef = 041A46811EB4858E00DF749C /* EncounterTableViewCell.swift */; };
		041A46861EB5CB7100DF749C /* EncounterDetailViewController.swift in Sources */ = {isa = PBXBuildFile; fileRef = 041A46851EB5CB7100DF749C /* EncounterDetailViewController.swift */; };
		042454251EBA0FCF009584B2 /* LoginCoordinator.swift in Sources */ = {isa = PBXBuildFile; fileRef = 042454241EBA0FCF009584B2 /* LoginCoordinator.swift */; };
		042776B11EB8B1C900D505C5 /* User.swift in Sources */ = {isa = PBXBuildFile; fileRef = 042776B01EB8B1C900D505C5 /* User.swift */; };
		042776B51EB8B71100D505C5 /* WhaleShark.swift in Sources */ = {isa = PBXBuildFile; fileRef = 042776B41EB8B71100D505C5 /* WhaleShark.swift */; };
		042776B71EB8B9FC00D505C5 /* Encounter.swift in Sources */ = {isa = PBXBuildFile; fileRef = 042776B61EB8B9FC00D505C5 /* Encounter.swift */; };
		042DBBD41EBE08AE00DA93B6 /* WeekViewController.swift in Sources */ = {isa = PBXBuildFile; fileRef = 042DBBD31EBE08AE00DA93B6 /* WeekViewController.swift */; };
		042DBBD61EBE08BB00DA93B6 /* MonthViewController.swift in Sources */ = {isa = PBXBuildFile; fileRef = 042DBBD51EBE08BB00DA93B6 /* MonthViewController.swift */; };
		042DBBD81EBE08C700DA93B6 /* AllTimeViewController.swift in Sources */ = {isa = PBXBuildFile; fileRef = 042DBBD71EBE08C700DA93B6 /* AllTimeViewController.swift */; };
		042DBBDB1EBE11C600DA93B6 /* MapViewController.swift in Sources */ = {isa = PBXBuildFile; fileRef = 042DBBDA1EBE11C600DA93B6 /* MapViewController.swift */; };
		042DBBDD1EBE9E4800DA93B6 /* MWSRPViewController.swift in Sources */ = {isa = PBXBuildFile; fileRef = 042DBBDC1EBE9E4800DA93B6 /* MWSRPViewController.swift */; };
		042DBBDF1EBE9E9400DA93B6 /* BFNViewController.swift in Sources */ = {isa = PBXBuildFile; fileRef = 042DBBDE1EBE9E9400DA93B6 /* BFNViewController.swift */; };
		042DBBE11EBE9ED000DA93B6 /* CritterViewController.swift in Sources */ = {isa = PBXBuildFile; fileRef = 042DBBE01EBE9ED000DA93B6 /* CritterViewController.swift */; };
		042DBBE31EBF434200DA93B6 /* whalesharkvideo.mp4 in Resources */ = {isa = PBXBuildFile; fileRef = 042DBBE21EBF434200DA93B6 /* whalesharkvideo.mp4 */; };
		042DBBE51EBF436600DA93B6 /* AVFoundation.framework in Frameworks */ = {isa = PBXBuildFile; fileRef = 042DBBE41EBF436600DA93B6 /* AVFoundation.framework */; };
		042DBBE71EBF436D00DA93B6 /* AVKit.framework in Frameworks */ = {isa = PBXBuildFile; fileRef = 042DBBE61EBF436D00DA93B6 /* AVKit.framework */; };
		042DBBE91EC0B7FA00DA93B6 /* SettingsViewController.swift in Sources */ = {isa = PBXBuildFile; fileRef = 042DBBE81EC0B7FA00DA93B6 /* SettingsViewController.swift */; };
		042DBBEB1EC0C7AA00DA93B6 /* SharksTableViewController.swift in Sources */ = {isa = PBXBuildFile; fileRef = 042DBBEA1EC0C7AA00DA93B6 /* SharksTableViewController.swift */; };
		042DBBF01EC0C9C300DA93B6 /* SharkTableViewCell.swift in Sources */ = {isa = PBXBuildFile; fileRef = 042DBBEF1EC0C9C300DA93B6 /* SharkTableViewCell.swift */; };
		042DBBF61EC1886600DA93B6 /* SharkProfileTableViewController.swift in Sources */ = {isa = PBXBuildFile; fileRef = 042DBBF51EC1886600DA93B6 /* SharkProfileTableViewController.swift */; };
		042DBBF81EC1939600DA93B6 /* SharkImageCollectionViewCell.swift in Sources */ = {isa = PBXBuildFile; fileRef = 042DBBF71EC1939600DA93B6 /* SharkImageCollectionViewCell.swift */; };
		042DBBFA1EC1956600DA93B6 /* SharkDescriptionTableViewCell.swift in Sources */ = {isa = PBXBuildFile; fileRef = 042DBBF91EC1956600DA93B6 /* SharkDescriptionTableViewCell.swift */; };
		042DBBFC1EC1957400DA93B6 /* SharkFirstEncounterTableViewCell.swift in Sources */ = {isa = PBXBuildFile; fileRef = 042DBBFB1EC1957400DA93B6 /* SharkFirstEncounterTableViewCell.swift */; };
		042DBBFE1EC1958000DA93B6 /* SharkLastEncounterTableViewCell.swift in Sources */ = {isa = PBXBuildFile; fileRef = 042DBBFD1EC1958000DA93B6 /* SharkLastEncounterTableViewCell.swift */; };
		042DBC001EC1A0AD00DA93B6 /* SharkImagesTableViewCell.swift in Sources */ = {isa = PBXBuildFile; fileRef = 042DBBFF1EC1A0AD00DA93B6 /* SharkImagesTableViewCell.swift */; };
		042DBC021EC81DF200DA93B6 /* UploadWalkthrough.storyboard in Resources */ = {isa = PBXBuildFile; fileRef = 042DBC011EC81DF200DA93B6 /* UploadWalkthrough.storyboard */; };
		042DBC061EC84FBF00DA93B6 /* UploadPicture.storyboard in Resources */ = {isa = PBXBuildFile; fileRef = 042DBC051EC84FBF00DA93B6 /* UploadPicture.storyboard */; };
		042FF0691EB9E2EE00C7E390 /* StatsViewController.swift in Sources */ = {isa = PBXBuildFile; fileRef = 042FF0681EB9E2EE00C7E390 /* StatsViewController.swift */; };
		043C342E1EB44BA500D52BB8 /* TabBarViewController.swift in Sources */ = {isa = PBXBuildFile; fileRef = 043C342D1EB44BA500D52BB8 /* TabBarViewController.swift */; };
		043C34301EB46A1F00D52BB8 /* EncountersTableViewController.swift in Sources */ = {isa = PBXBuildFile; fileRef = 043C342F1EB46A1F00D52BB8 /* EncountersTableViewController.swift */; };
		04660F8D1EDF2E9000E2A257 /* Annotation.swift in Sources */ = {isa = PBXBuildFile; fileRef = 04660F891EDF2E9000E2A257 /* Annotation.swift */; };
		04660F8E1EDF2E9000E2A257 /* Cluster.swift in Sources */ = {isa = PBXBuildFile; fileRef = 04660F8A1EDF2E9000E2A257 /* Cluster.swift */; };
		04660F8F1EDF2E9000E2A257 /* Extensions.swift in Sources */ = {isa = PBXBuildFile; fileRef = 04660F8B1EDF2E9000E2A257 /* Extensions.swift */; };
		04660F901EDF2E9000E2A257 /* QuadTree.swift in Sources */ = {isa = PBXBuildFile; fileRef = 04660F8C1EDF2E9000E2A257 /* QuadTree.swift */; };
		0496F9191EF4793100E68F2F /* SharkInfoCollectionViewCell.swift in Sources */ = {isa = PBXBuildFile; fileRef = 0496F9181EF4793100E68F2F /* SharkInfoCollectionViewCell.swift */; };
		0496F91B1EF56DA700E68F2F /* UploadResultsViewController.swift in Sources */ = {isa = PBXBuildFile; fileRef = 0496F91A1EF56DA700E68F2F /* UploadResultsViewController.swift */; };
		0496F91D1EF5798E00E68F2F /* UploadConfirmationViewController.swift in Sources */ = {isa = PBXBuildFile; fileRef = 0496F91C1EF5798E00E68F2F /* UploadConfirmationViewController.swift */; };
		04A0D8A91EB882FE00B8EC63 /* SignInViewController.swift in Sources */ = {isa = PBXBuildFile; fileRef = 04A0D8A81EB882FE00B8EC63 /* SignInViewController.swift */; };
		04A7E5E51EE66F080069F6FB /* ReportEncounterViewController.swift in Sources */ = {isa = PBXBuildFile; fileRef = 04A7E5E41EE66F080069F6FB /* ReportEncounterViewController.swift */; };
		04A7E5E71EE6A3FA0069F6FB /* ComparisonProgressViewController.swift in Sources */ = {isa = PBXBuildFile; fileRef = 04A7E5E61EE6A3FA0069F6FB /* ComparisonProgressViewController.swift */; };
		04A7E5E91EE6B6CA0069F6FB /* PhotoInformationViewController.swift in Sources */ = {isa = PBXBuildFile; fileRef = 04A7E5E81EE6B6CA0069F6FB /* PhotoInformationViewController.swift */; };
		04A7E5EB1EE6B6EB0069F6FB /* EditPhotoInformationViewController.swift in Sources */ = {isa = PBXBuildFile; fileRef = 04A7E5EA1EE6B6EB0069F6FB /* EditPhotoInformationViewController.swift */; };
		04A7E5ED1EE6EB9A0069F6FB /* ComparisonResultsViewController.swift in Sources */ = {isa = PBXBuildFile; fileRef = 04A7E5EC1EE6EB9A0069F6FB /* ComparisonResultsViewController.swift */; };
		04A7E5EF1EE721F00069F6FB /* SegueFromRight.swift in Sources */ = {isa = PBXBuildFile; fileRef = 04A7E5EE1EE721F00069F6FB /* SegueFromRight.swift */; };
		04A7E5F11EE724770069F6FB /* UnwindSegueFromRight.swift in Sources */ = {isa = PBXBuildFile; fileRef = 04A7E5F01EE724770069F6FB /* UnwindSegueFromRight.swift */; };
		04A7E5F31EE742830069F6FB /* Shark.swift in Sources */ = {isa = PBXBuildFile; fileRef = 04A7E5F21EE742830069F6FB /* Shark.swift */; };
		04AFC9491EB33513001C738F /* Walkthrough.storyboard in Resources */ = {isa = PBXBuildFile; fileRef = 04AFC9481EB33513001C738F /* Walkthrough.storyboard */; };
		04B95E9D1ED0987C00217DE4 /* Stats.swift in Sources */ = {isa = PBXBuildFile; fileRef = 04B95E9C1ED0987C00217DE4 /* Stats.swift */; };
		04CEF2F51EAB19550057A119 /* AppDelegate.swift in Sources */ = {isa = PBXBuildFile; fileRef = 04CEF2F41EAB19550057A119 /* AppDelegate.swift */; };
		04CEF2FA1EAB19550057A119 /* Main.storyboard in Resources */ = {isa = PBXBuildFile; fileRef = 04CEF2F81EAB19550057A119 /* Main.storyboard */; };
		04CEF2FD1EAB19550057A119 /* MaldivesWhaleSharkResearch.xcdatamodeld in Sources */ = {isa = PBXBuildFile; fileRef = 04CEF2FB1EAB19550057A119 /* MaldivesWhaleSharkResearch.xcdatamodeld */; };
		04CEF2FF1EAB19550057A119 /* Assets.xcassets in Resources */ = {isa = PBXBuildFile; fileRef = 04CEF2FE1EAB19550057A119 /* Assets.xcassets */; };
		04CEF3021EAB19550057A119 /* LaunchScreen.storyboard in Resources */ = {isa = PBXBuildFile; fileRef = 04CEF3001EAB19550057A119 /* LaunchScreen.storyboard */; };
		04CEF30D1EAB19550057A119 /* MaldivesWhaleSharkResearchTests.swift in Sources */ = {isa = PBXBuildFile; fileRef = 04CEF30C1EAB19550057A119 /* MaldivesWhaleSharkResearchTests.swift */; };
		04CEF3181EAB19550057A119 /* MaldivesWhaleSharkResearchUITests.swift in Sources */ = {isa = PBXBuildFile; fileRef = 04CEF3171EAB19550057A119 /* MaldivesWhaleSharkResearchUITests.swift */; };
		04CEF3261EAB198F0057A119 /* GoogleService-Info.plist in Resources */ = {isa = PBXBuildFile; fileRef = 04CEF3251EAB198F0057A119 /* GoogleService-Info.plist */; };
		04CEF3271EAB198F0057A119 /* GoogleService-Info.plist in Resources */ = {isa = PBXBuildFile; fileRef = 04CEF3251EAB198F0057A119 /* GoogleService-Info.plist */; };
		04CEF3281EAB198F0057A119 /* GoogleService-Info.plist in Resources */ = {isa = PBXBuildFile; fileRef = 04CEF3251EAB198F0057A119 /* GoogleService-Info.plist */; };
		04E19F191EDA9A4600E4BB22 /* AlgoliaManager.swift in Sources */ = {isa = PBXBuildFile; fileRef = 04E19F181EDA9A4600E4BB22 /* AlgoliaManager.swift */; };
		04E19F1B1EDBF6C600E4BB22 /* EncounterCollectionViewCell.swift in Sources */ = {isa = PBXBuildFile; fileRef = 04E19F1A1EDBF6C600E4BB22 /* EncounterCollectionViewCell.swift */; };
		04EBB5611EB88A6A008D5B4C /* AboutViewController.swift in Sources */ = {isa = PBXBuildFile; fileRef = 04EBB5601EB88A6A008D5B4C /* AboutViewController.swift */; };
		356D10F01F8E46CA00244C05 /* i3s_swift.framework in Frameworks */ = {isa = PBXBuildFile; fileRef = 356D10E91F8E46C200244C05 /* i3s_swift.framework */; };
		356D10F11F8E46CF00244C05 /* i3s.framework in Frameworks */ = {isa = PBXBuildFile; fileRef = 356D10EB1F8E46C200244C05 /* i3s.framework */; };
		3E56C2B650CE78E75CF9C916 /* Pods_MaldivesWhaleSharkResearchUITests.framework in Frameworks */ = {isa = PBXBuildFile; fileRef = C3813DF1825C1F3F972FDC2F /* Pods_MaldivesWhaleSharkResearchUITests.framework */; };
		4B567D847252AC37A414B93F /* Pods_MaldivesWhaleSharkResearchTests.framework in Frameworks */ = {isa = PBXBuildFile; fileRef = 21708BB94A1E1599C3046E70 /* Pods_MaldivesWhaleSharkResearchTests.framework */; };
		DBA7A76AD185789770831CC2 /* Pods_MaldivesWhaleSharkResearch.framework in Frameworks */ = {isa = PBXBuildFile; fileRef = 05069E331F56640F8E911B8D /* Pods_MaldivesWhaleSharkResearch.framework */; };
		EAE707A41EF7CC8C00688247 /* Assets.xcassets in Resources */ = {isa = PBXBuildFile; fileRef = EAE707961EF7CC8C00688247 /* Assets.xcassets */; };
		EAE707A51EF7CC8C00688247 /* FSAlbumView.swift in Sources */ = {isa = PBXBuildFile; fileRef = EAE707971EF7CC8C00688247 /* FSAlbumView.swift */; };
		EAE707A61EF7CC8C00688247 /* FSAlbumView.xib in Resources */ = {isa = PBXBuildFile; fileRef = EAE707981EF7CC8C00688247 /* FSAlbumView.xib */; };
		EAE707A71EF7CC8C00688247 /* FSAlbumViewCell.swift in Sources */ = {isa = PBXBuildFile; fileRef = EAE707991EF7CC8C00688247 /* FSAlbumViewCell.swift */; };
		EAE707A81EF7CC8C00688247 /* FSAlbumViewCell.xib in Resources */ = {isa = PBXBuildFile; fileRef = EAE7079A1EF7CC8C00688247 /* FSAlbumViewCell.xib */; };
		EAE707A91EF7CC8C00688247 /* FSCameraView.swift in Sources */ = {isa = PBXBuildFile; fileRef = EAE7079B1EF7CC8C00688247 /* FSCameraView.swift */; };
		EAE707AA1EF7CC8C00688247 /* FSCameraView.xib in Resources */ = {isa = PBXBuildFile; fileRef = EAE7079C1EF7CC8C00688247 /* FSCameraView.xib */; };
		EAE707AB1EF7CC8C00688247 /* FSConstants.swift in Sources */ = {isa = PBXBuildFile; fileRef = EAE7079D1EF7CC8C00688247 /* FSConstants.swift */; };
		EAE707AC1EF7CC8C00688247 /* FSImageCropView.swift in Sources */ = {isa = PBXBuildFile; fileRef = EAE7079E1EF7CC8C00688247 /* FSImageCropView.swift */; };
		EAE707AD1EF7CC8C00688247 /* FSVideoCameraView.swift in Sources */ = {isa = PBXBuildFile; fileRef = EAE7079F1EF7CC8C00688247 /* FSVideoCameraView.swift */; };
		EAE707AE1EF7CC8C00688247 /* FSVideoCameraView.xib in Resources */ = {isa = PBXBuildFile; fileRef = EAE707A01EF7CC8C00688247 /* FSVideoCameraView.xib */; };
		EAE707AF1EF7CC8C00688247 /* FusumaViewController.swift in Sources */ = {isa = PBXBuildFile; fileRef = EAE707A11EF7CC8C00688247 /* FusumaViewController.swift */; };
		EAE707B01EF7CC8C00688247 /* FusumaViewController.swift.orig in Resources */ = {isa = PBXBuildFile; fileRef = EAE707A21EF7CC8C00688247 /* FusumaViewController.swift.orig */; };
		EAE707B11EF7CC8C00688247 /* FusumaViewController.xib in Resources */ = {isa = PBXBuildFile; fileRef = EAE707A31EF7CC8C00688247 /* FusumaViewController.xib */; };
		EAE707B31EF7E1D100688247 /* SharkInfoLabelCollectionViewCell.swift in Sources */ = {isa = PBXBuildFile; fileRef = EAE707B21EF7E1D100688247 /* SharkInfoLabelCollectionViewCell.swift */; };
		EAE707B81EF7E2AF00688247 /* Info.plist in Resources */ = {isa = PBXBuildFile; fileRef = EAE707B51EF7E2AF00688247 /* Info.plist */; };
		EAE707B91EF7E2AF00688247 /* UPCarouselFlowLayout.swift in Sources */ = {isa = PBXBuildFile; fileRef = EAE707B71EF7E2AF00688247 /* UPCarouselFlowLayout.swift */; };
/* End PBXBuildFile section */

/* Begin PBXContainerItemProxy section */
		04CEF3091EAB19550057A119 /* PBXContainerItemProxy */ = {
			isa = PBXContainerItemProxy;
			containerPortal = 04CEF2E91EAB19550057A119 /* Project object */;
			proxyType = 1;
			remoteGlobalIDString = 04CEF2F01EAB19550057A119;
			remoteInfo = MaldivesWhaleSharkResearch;
		};
		04CEF3141EAB19550057A119 /* PBXContainerItemProxy */ = {
			isa = PBXContainerItemProxy;
			containerPortal = 04CEF2E91EAB19550057A119 /* Project object */;
			proxyType = 1;
			remoteGlobalIDString = 04CEF2F01EAB19550057A119;
			remoteInfo = MaldivesWhaleSharkResearch;
		};
		356D10E61F8E46C200244C05 /* PBXContainerItemProxy */ = {
			isa = PBXContainerItemProxy;
			containerPortal = 356D10D91F8E46C200244C05 /* Dependencies.xcodeproj */;
			proxyType = 2;
			remoteGlobalIDString = "Dependencies::Dependencies::Product";
			remoteInfo = Dependencies;
		};
		356D10E81F8E46C200244C05 /* PBXContainerItemProxy */ = {
			isa = PBXContainerItemProxy;
			containerPortal = 356D10D91F8E46C200244C05 /* Dependencies.xcodeproj */;
			proxyType = 2;
			remoteGlobalIDString = "i3s::i3s-swift::Product";
			remoteInfo = "i3s-swift";
		};
		356D10EA1F8E46C200244C05 /* PBXContainerItemProxy */ = {
			isa = PBXContainerItemProxy;
			containerPortal = 356D10D91F8E46C200244C05 /* Dependencies.xcodeproj */;
			proxyType = 2;
			remoteGlobalIDString = "i3s::i3s::Product";
			remoteInfo = i3s;
		};
/* End PBXContainerItemProxy section */

/* Begin PBXFileReference section */
		041A467D1EB4750B00DF749C /* MuseoSans_500.otf */ = {isa = PBXFileReference; lastKnownFileType = file; path = MuseoSans_500.otf; sourceTree = "<group>"; };
		041A467F1EB4752600DF749C /* Museo300-Regular.otf */ = {isa = PBXFileReference; lastKnownFileType = file; path = "Museo300-Regular.otf"; sourceTree = "<group>"; };
		041A46811EB4858E00DF749C /* EncounterTableViewCell.swift */ = {isa = PBXFileReference; fileEncoding = 4; lastKnownFileType = sourcecode.swift; path = EncounterTableViewCell.swift; sourceTree = "<group>"; };
		041A46851EB5CB7100DF749C /* EncounterDetailViewController.swift */ = {isa = PBXFileReference; fileEncoding = 4; lastKnownFileType = sourcecode.swift; path = EncounterDetailViewController.swift; sourceTree = "<group>"; };
		042454241EBA0FCF009584B2 /* LoginCoordinator.swift */ = {isa = PBXFileReference; fileEncoding = 4; lastKnownFileType = sourcecode.swift; path = LoginCoordinator.swift; sourceTree = "<group>"; };
		042776B01EB8B1C900D505C5 /* User.swift */ = {isa = PBXFileReference; fileEncoding = 4; lastKnownFileType = sourcecode.swift; name = User.swift; path = ../User.swift; sourceTree = "<group>"; };
		042776B41EB8B71100D505C5 /* WhaleShark.swift */ = {isa = PBXFileReference; fileEncoding = 4; lastKnownFileType = sourcecode.swift; path = WhaleShark.swift; sourceTree = "<group>"; };
		042776B61EB8B9FC00D505C5 /* Encounter.swift */ = {isa = PBXFileReference; fileEncoding = 4; lastKnownFileType = sourcecode.swift; path = Encounter.swift; sourceTree = "<group>"; };
		042DBBD31EBE08AE00DA93B6 /* WeekViewController.swift */ = {isa = PBXFileReference; fileEncoding = 4; lastKnownFileType = sourcecode.swift; path = WeekViewController.swift; sourceTree = "<group>"; };
		042DBBD51EBE08BB00DA93B6 /* MonthViewController.swift */ = {isa = PBXFileReference; fileEncoding = 4; lastKnownFileType = sourcecode.swift; path = MonthViewController.swift; sourceTree = "<group>"; };
		042DBBD71EBE08C700DA93B6 /* AllTimeViewController.swift */ = {isa = PBXFileReference; fileEncoding = 4; lastKnownFileType = sourcecode.swift; path = AllTimeViewController.swift; sourceTree = "<group>"; };
		042DBBDA1EBE11C600DA93B6 /* MapViewController.swift */ = {isa = PBXFileReference; fileEncoding = 4; lastKnownFileType = sourcecode.swift; path = MapViewController.swift; sourceTree = "<group>"; };
		042DBBDC1EBE9E4800DA93B6 /* MWSRPViewController.swift */ = {isa = PBXFileReference; fileEncoding = 4; lastKnownFileType = sourcecode.swift; path = MWSRPViewController.swift; sourceTree = "<group>"; };
		042DBBDE1EBE9E9400DA93B6 /* BFNViewController.swift */ = {isa = PBXFileReference; fileEncoding = 4; lastKnownFileType = sourcecode.swift; path = BFNViewController.swift; sourceTree = "<group>"; };
		042DBBE01EBE9ED000DA93B6 /* CritterViewController.swift */ = {isa = PBXFileReference; fileEncoding = 4; lastKnownFileType = sourcecode.swift; path = CritterViewController.swift; sourceTree = "<group>"; };
		042DBBE21EBF434200DA93B6 /* whalesharkvideo.mp4 */ = {isa = PBXFileReference; lastKnownFileType = file; path = whalesharkvideo.mp4; sourceTree = "<group>"; };
		042DBBE41EBF436600DA93B6 /* AVFoundation.framework */ = {isa = PBXFileReference; lastKnownFileType = wrapper.framework; name = AVFoundation.framework; path = System/Library/Frameworks/AVFoundation.framework; sourceTree = SDKROOT; };
		042DBBE61EBF436D00DA93B6 /* AVKit.framework */ = {isa = PBXFileReference; lastKnownFileType = wrapper.framework; name = AVKit.framework; path = System/Library/Frameworks/AVKit.framework; sourceTree = SDKROOT; };
		042DBBE81EC0B7FA00DA93B6 /* SettingsViewController.swift */ = {isa = PBXFileReference; fileEncoding = 4; lastKnownFileType = sourcecode.swift; path = SettingsViewController.swift; sourceTree = "<group>"; };
		042DBBEA1EC0C7AA00DA93B6 /* SharksTableViewController.swift */ = {isa = PBXFileReference; fileEncoding = 4; lastKnownFileType = sourcecode.swift; name = SharksTableViewController.swift; path = MaldivesWhaleSharkResearch/SharksTableViewController.swift; sourceTree = "<group>"; };
		042DBBEF1EC0C9C300DA93B6 /* SharkTableViewCell.swift */ = {isa = PBXFileReference; fileEncoding = 4; lastKnownFileType = sourcecode.swift; path = SharkTableViewCell.swift; sourceTree = "<group>"; };
		042DBBF51EC1886600DA93B6 /* SharkProfileTableViewController.swift */ = {isa = PBXFileReference; fileEncoding = 4; lastKnownFileType = sourcecode.swift; path = SharkProfileTableViewController.swift; sourceTree = "<group>"; };
		042DBBF71EC1939600DA93B6 /* SharkImageCollectionViewCell.swift */ = {isa = PBXFileReference; fileEncoding = 4; lastKnownFileType = sourcecode.swift; path = SharkImageCollectionViewCell.swift; sourceTree = "<group>"; };
		042DBBF91EC1956600DA93B6 /* SharkDescriptionTableViewCell.swift */ = {isa = PBXFileReference; fileEncoding = 4; lastKnownFileType = sourcecode.swift; path = SharkDescriptionTableViewCell.swift; sourceTree = "<group>"; };
		042DBBFB1EC1957400DA93B6 /* SharkFirstEncounterTableViewCell.swift */ = {isa = PBXFileReference; fileEncoding = 4; lastKnownFileType = sourcecode.swift; path = SharkFirstEncounterTableViewCell.swift; sourceTree = "<group>"; };
		042DBBFD1EC1958000DA93B6 /* SharkLastEncounterTableViewCell.swift */ = {isa = PBXFileReference; fileEncoding = 4; lastKnownFileType = sourcecode.swift; path = SharkLastEncounterTableViewCell.swift; sourceTree = "<group>"; };
		042DBBFF1EC1A0AD00DA93B6 /* SharkImagesTableViewCell.swift */ = {isa = PBXFileReference; fileEncoding = 4; lastKnownFileType = sourcecode.swift; path = SharkImagesTableViewCell.swift; sourceTree = "<group>"; };
		042DBC011EC81DF200DA93B6 /* UploadWalkthrough.storyboard */ = {isa = PBXFileReference; fileEncoding = 4; lastKnownFileType = file.storyboard; path = UploadWalkthrough.storyboard; sourceTree = "<group>"; };
		042DBC051EC84FBF00DA93B6 /* UploadPicture.storyboard */ = {isa = PBXFileReference; fileEncoding = 4; lastKnownFileType = file.storyboard; path = UploadPicture.storyboard; sourceTree = "<group>"; };
		042FF0681EB9E2EE00C7E390 /* StatsViewController.swift */ = {isa = PBXFileReference; fileEncoding = 4; lastKnownFileType = sourcecode.swift; path = StatsViewController.swift; sourceTree = "<group>"; };
		043C342D1EB44BA500D52BB8 /* TabBarViewController.swift */ = {isa = PBXFileReference; fileEncoding = 4; lastKnownFileType = sourcecode.swift; path = TabBarViewController.swift; sourceTree = "<group>"; };
		043C342F1EB46A1F00D52BB8 /* EncountersTableViewController.swift */ = {isa = PBXFileReference; fileEncoding = 4; lastKnownFileType = sourcecode.swift; path = EncountersTableViewController.swift; sourceTree = "<group>"; };
		04660F891EDF2E9000E2A257 /* Annotation.swift */ = {isa = PBXFileReference; fileEncoding = 4; lastKnownFileType = sourcecode.swift; path = Annotation.swift; sourceTree = "<group>"; };
		04660F8A1EDF2E9000E2A257 /* Cluster.swift */ = {isa = PBXFileReference; fileEncoding = 4; lastKnownFileType = sourcecode.swift; path = Cluster.swift; sourceTree = "<group>"; };
		04660F8B1EDF2E9000E2A257 /* Extensions.swift */ = {isa = PBXFileReference; fileEncoding = 4; lastKnownFileType = sourcecode.swift; path = Extensions.swift; sourceTree = "<group>"; };
		04660F8C1EDF2E9000E2A257 /* QuadTree.swift */ = {isa = PBXFileReference; fileEncoding = 4; lastKnownFileType = sourcecode.swift; path = QuadTree.swift; sourceTree = "<group>"; };
		0496F9181EF4793100E68F2F /* SharkInfoCollectionViewCell.swift */ = {isa = PBXFileReference; fileEncoding = 4; lastKnownFileType = sourcecode.swift; path = SharkInfoCollectionViewCell.swift; sourceTree = "<group>"; };
		0496F91A1EF56DA700E68F2F /* UploadResultsViewController.swift */ = {isa = PBXFileReference; fileEncoding = 4; lastKnownFileType = sourcecode.swift; path = UploadResultsViewController.swift; sourceTree = "<group>"; };
		0496F91C1EF5798E00E68F2F /* UploadConfirmationViewController.swift */ = {isa = PBXFileReference; fileEncoding = 4; lastKnownFileType = sourcecode.swift; path = UploadConfirmationViewController.swift; sourceTree = "<group>"; };
		04A0D8A81EB882FE00B8EC63 /* SignInViewController.swift */ = {isa = PBXFileReference; fileEncoding = 4; lastKnownFileType = sourcecode.swift; path = SignInViewController.swift; sourceTree = "<group>"; };
		04A7E5E41EE66F080069F6FB /* ReportEncounterViewController.swift */ = {isa = PBXFileReference; fileEncoding = 4; lastKnownFileType = sourcecode.swift; path = ReportEncounterViewController.swift; sourceTree = "<group>"; };
		04A7E5E61EE6A3FA0069F6FB /* ComparisonProgressViewController.swift */ = {isa = PBXFileReference; fileEncoding = 4; lastKnownFileType = sourcecode.swift; path = ComparisonProgressViewController.swift; sourceTree = "<group>"; };
		04A7E5E81EE6B6CA0069F6FB /* PhotoInformationViewController.swift */ = {isa = PBXFileReference; fileEncoding = 4; lastKnownFileType = sourcecode.swift; path = PhotoInformationViewController.swift; sourceTree = "<group>"; };
		04A7E5EA1EE6B6EB0069F6FB /* EditPhotoInformationViewController.swift */ = {isa = PBXFileReference; fileEncoding = 4; lastKnownFileType = sourcecode.swift; path = EditPhotoInformationViewController.swift; sourceTree = "<group>"; };
		04A7E5EC1EE6EB9A0069F6FB /* ComparisonResultsViewController.swift */ = {isa = PBXFileReference; fileEncoding = 4; lastKnownFileType = sourcecode.swift; path = ComparisonResultsViewController.swift; sourceTree = "<group>"; };
		04A7E5EE1EE721F00069F6FB /* SegueFromRight.swift */ = {isa = PBXFileReference; fileEncoding = 4; lastKnownFileType = sourcecode.swift; path = SegueFromRight.swift; sourceTree = "<group>"; };
		04A7E5F01EE724770069F6FB /* UnwindSegueFromRight.swift */ = {isa = PBXFileReference; fileEncoding = 4; lastKnownFileType = sourcecode.swift; path = UnwindSegueFromRight.swift; sourceTree = "<group>"; };
		04A7E5F21EE742830069F6FB /* Shark.swift */ = {isa = PBXFileReference; fileEncoding = 4; lastKnownFileType = sourcecode.swift; path = Shark.swift; sourceTree = "<group>"; };
		04AFC9481EB33513001C738F /* Walkthrough.storyboard */ = {isa = PBXFileReference; fileEncoding = 4; lastKnownFileType = file.storyboard; path = Walkthrough.storyboard; sourceTree = "<group>"; };
		04B95E9C1ED0987C00217DE4 /* Stats.swift */ = {isa = PBXFileReference; fileEncoding = 4; lastKnownFileType = sourcecode.swift; path = Stats.swift; sourceTree = "<group>"; };
		04CEF2F11EAB19550057A119 /* MaldivesWhaleSharkResearch.app */ = {isa = PBXFileReference; explicitFileType = wrapper.application; includeInIndex = 0; path = MaldivesWhaleSharkResearch.app; sourceTree = BUILT_PRODUCTS_DIR; };
		04CEF2F41EAB19550057A119 /* AppDelegate.swift */ = {isa = PBXFileReference; lastKnownFileType = sourcecode.swift; path = AppDelegate.swift; sourceTree = "<group>"; };
		04CEF2F91EAB19550057A119 /* Base */ = {isa = PBXFileReference; lastKnownFileType = file.storyboard; name = Base; path = Base.lproj/Main.storyboard; sourceTree = "<group>"; };
		04CEF2FC1EAB19550057A119 /* MaldivesWhaleSharkResearch.xcdatamodel */ = {isa = PBXFileReference; lastKnownFileType = wrapper.xcdatamodel; path = MaldivesWhaleSharkResearch.xcdatamodel; sourceTree = "<group>"; };
		04CEF2FE1EAB19550057A119 /* Assets.xcassets */ = {isa = PBXFileReference; lastKnownFileType = folder.assetcatalog; path = Assets.xcassets; sourceTree = "<group>"; };
		04CEF3011EAB19550057A119 /* Base */ = {isa = PBXFileReference; lastKnownFileType = file.storyboard; name = Base; path = Base.lproj/LaunchScreen.storyboard; sourceTree = "<group>"; };
		04CEF3031EAB19550057A119 /* Info.plist */ = {isa = PBXFileReference; lastKnownFileType = text.plist.xml; path = Info.plist; sourceTree = "<group>"; };
		04CEF3081EAB19550057A119 /* MaldivesWhaleSharkResearchTests.xctest */ = {isa = PBXFileReference; explicitFileType = wrapper.cfbundle; includeInIndex = 0; path = MaldivesWhaleSharkResearchTests.xctest; sourceTree = BUILT_PRODUCTS_DIR; };
		04CEF30C1EAB19550057A119 /* MaldivesWhaleSharkResearchTests.swift */ = {isa = PBXFileReference; lastKnownFileType = sourcecode.swift; path = MaldivesWhaleSharkResearchTests.swift; sourceTree = "<group>"; };
		04CEF30E1EAB19550057A119 /* Info.plist */ = {isa = PBXFileReference; lastKnownFileType = text.plist.xml; path = Info.plist; sourceTree = "<group>"; };
		04CEF3131EAB19550057A119 /* MaldivesWhaleSharkResearchUITests.xctest */ = {isa = PBXFileReference; explicitFileType = wrapper.cfbundle; includeInIndex = 0; path = MaldivesWhaleSharkResearchUITests.xctest; sourceTree = BUILT_PRODUCTS_DIR; };
		04CEF3171EAB19550057A119 /* MaldivesWhaleSharkResearchUITests.swift */ = {isa = PBXFileReference; lastKnownFileType = sourcecode.swift; path = MaldivesWhaleSharkResearchUITests.swift; sourceTree = "<group>"; };
		04CEF3191EAB19550057A119 /* Info.plist */ = {isa = PBXFileReference; lastKnownFileType = text.plist.xml; path = Info.plist; sourceTree = "<group>"; };
		04CEF3251EAB198F0057A119 /* GoogleService-Info.plist */ = {isa = PBXFileReference; fileEncoding = 4; lastKnownFileType = text.plist.xml; path = "GoogleService-Info.plist"; sourceTree = "<group>"; };
		04E19F181EDA9A4600E4BB22 /* AlgoliaManager.swift */ = {isa = PBXFileReference; fileEncoding = 4; lastKnownFileType = sourcecode.swift; path = AlgoliaManager.swift; sourceTree = "<group>"; };
		04E19F1A1EDBF6C600E4BB22 /* EncounterCollectionViewCell.swift */ = {isa = PBXFileReference; fileEncoding = 4; lastKnownFileType = sourcecode.swift; path = EncounterCollectionViewCell.swift; sourceTree = "<group>"; };
		04EBB5601EB88A6A008D5B4C /* AboutViewController.swift */ = {isa = PBXFileReference; fileEncoding = 4; lastKnownFileType = sourcecode.swift; path = AboutViewController.swift; sourceTree = "<group>"; };
		05069E331F56640F8E911B8D /* Pods_MaldivesWhaleSharkResearch.framework */ = {isa = PBXFileReference; explicitFileType = wrapper.framework; includeInIndex = 0; path = Pods_MaldivesWhaleSharkResearch.framework; sourceTree = BUILT_PRODUCTS_DIR; };
		0E3ED0F2E41A9A04FA2C636F /* Pods-MaldivesWhaleSharkResearch.release.xcconfig */ = {isa = PBXFileReference; includeInIndex = 1; lastKnownFileType = text.xcconfig; name = "Pods-MaldivesWhaleSharkResearch.release.xcconfig"; path = "Pods/Target Support Files/Pods-MaldivesWhaleSharkResearch/Pods-MaldivesWhaleSharkResearch.release.xcconfig"; sourceTree = "<group>"; };
		21708BB94A1E1599C3046E70 /* Pods_MaldivesWhaleSharkResearchTests.framework */ = {isa = PBXFileReference; explicitFileType = wrapper.framework; includeInIndex = 0; path = Pods_MaldivesWhaleSharkResearchTests.framework; sourceTree = BUILT_PRODUCTS_DIR; };
		356D10D91F8E46C200244C05 /* Dependencies.xcodeproj */ = {isa = PBXFileReference; lastKnownFileType = "wrapper.pb-project"; path = Dependencies.xcodeproj; sourceTree = "<group>"; };
		64E6BF5ADE52B1D1E72C0A48 /* Pods-MaldivesWhaleSharkResearch.debug.xcconfig */ = {isa = PBXFileReference; includeInIndex = 1; lastKnownFileType = text.xcconfig; name = "Pods-MaldivesWhaleSharkResearch.debug.xcconfig"; path = "Pods/Target Support Files/Pods-MaldivesWhaleSharkResearch/Pods-MaldivesWhaleSharkResearch.debug.xcconfig"; sourceTree = "<group>"; };
		8DB22360E225F6EE928BBBDC /* Pods-MaldivesWhaleSharkResearchTests.release.xcconfig */ = {isa = PBXFileReference; includeInIndex = 1; lastKnownFileType = text.xcconfig; name = "Pods-MaldivesWhaleSharkResearchTests.release.xcconfig"; path = "Pods/Target Support Files/Pods-MaldivesWhaleSharkResearchTests/Pods-MaldivesWhaleSharkResearchTests.release.xcconfig"; sourceTree = "<group>"; };
		B6C2CF165336D275509E38FB /* Pods-MaldivesWhaleSharkResearchUITests.debug.xcconfig */ = {isa = PBXFileReference; includeInIndex = 1; lastKnownFileType = text.xcconfig; name = "Pods-MaldivesWhaleSharkResearchUITests.debug.xcconfig"; path = "Pods/Target Support Files/Pods-MaldivesWhaleSharkResearchUITests/Pods-MaldivesWhaleSharkResearchUITests.debug.xcconfig"; sourceTree = "<group>"; };
		C3813DF1825C1F3F972FDC2F /* Pods_MaldivesWhaleSharkResearchUITests.framework */ = {isa = PBXFileReference; explicitFileType = wrapper.framework; includeInIndex = 0; path = Pods_MaldivesWhaleSharkResearchUITests.framework; sourceTree = BUILT_PRODUCTS_DIR; };
		EAE707961EF7CC8C00688247 /* Assets.xcassets */ = {isa = PBXFileReference; lastKnownFileType = folder.assetcatalog; path = Assets.xcassets; sourceTree = "<group>"; };
		EAE707971EF7CC8C00688247 /* FSAlbumView.swift */ = {isa = PBXFileReference; fileEncoding = 4; lastKnownFileType = sourcecode.swift; path = FSAlbumView.swift; sourceTree = "<group>"; };
		EAE707981EF7CC8C00688247 /* FSAlbumView.xib */ = {isa = PBXFileReference; fileEncoding = 4; lastKnownFileType = file.xib; path = FSAlbumView.xib; sourceTree = "<group>"; };
		EAE707991EF7CC8C00688247 /* FSAlbumViewCell.swift */ = {isa = PBXFileReference; fileEncoding = 4; lastKnownFileType = sourcecode.swift; path = FSAlbumViewCell.swift; sourceTree = "<group>"; };
		EAE7079A1EF7CC8C00688247 /* FSAlbumViewCell.xib */ = {isa = PBXFileReference; fileEncoding = 4; lastKnownFileType = file.xib; path = FSAlbumViewCell.xib; sourceTree = "<group>"; };
		EAE7079B1EF7CC8C00688247 /* FSCameraView.swift */ = {isa = PBXFileReference; fileEncoding = 4; lastKnownFileType = sourcecode.swift; path = FSCameraView.swift; sourceTree = "<group>"; };
		EAE7079C1EF7CC8C00688247 /* FSCameraView.xib */ = {isa = PBXFileReference; fileEncoding = 4; lastKnownFileType = file.xib; path = FSCameraView.xib; sourceTree = "<group>"; };
		EAE7079D1EF7CC8C00688247 /* FSConstants.swift */ = {isa = PBXFileReference; fileEncoding = 4; lastKnownFileType = sourcecode.swift; path = FSConstants.swift; sourceTree = "<group>"; };
		EAE7079E1EF7CC8C00688247 /* FSImageCropView.swift */ = {isa = PBXFileReference; fileEncoding = 4; lastKnownFileType = sourcecode.swift; path = FSImageCropView.swift; sourceTree = "<group>"; };
		EAE7079F1EF7CC8C00688247 /* FSVideoCameraView.swift */ = {isa = PBXFileReference; fileEncoding = 4; lastKnownFileType = sourcecode.swift; path = FSVideoCameraView.swift; sourceTree = "<group>"; };
		EAE707A01EF7CC8C00688247 /* FSVideoCameraView.xib */ = {isa = PBXFileReference; fileEncoding = 4; lastKnownFileType = file.xib; path = FSVideoCameraView.xib; sourceTree = "<group>"; };
		EAE707A11EF7CC8C00688247 /* FusumaViewController.swift */ = {isa = PBXFileReference; fileEncoding = 4; lastKnownFileType = sourcecode.swift; path = FusumaViewController.swift; sourceTree = "<group>"; };
		EAE707A21EF7CC8C00688247 /* FusumaViewController.swift.orig */ = {isa = PBXFileReference; fileEncoding = 4; lastKnownFileType = text; path = FusumaViewController.swift.orig; sourceTree = "<group>"; };
		EAE707A31EF7CC8C00688247 /* FusumaViewController.xib */ = {isa = PBXFileReference; fileEncoding = 4; lastKnownFileType = file.xib; path = FusumaViewController.xib; sourceTree = "<group>"; };
		EAE707B21EF7E1D100688247 /* SharkInfoLabelCollectionViewCell.swift */ = {isa = PBXFileReference; fileEncoding = 4; lastKnownFileType = sourcecode.swift; path = SharkInfoLabelCollectionViewCell.swift; sourceTree = "<group>"; };
		EAE707B51EF7E2AF00688247 /* Info.plist */ = {isa = PBXFileReference; fileEncoding = 4; lastKnownFileType = text.plist.xml; path = Info.plist; sourceTree = "<group>"; };
		EAE707B61EF7E2AF00688247 /* UPCarouselFlowLayout.h */ = {isa = PBXFileReference; fileEncoding = 4; lastKnownFileType = sourcecode.c.h; path = UPCarouselFlowLayout.h; sourceTree = "<group>"; };
		EAE707B71EF7E2AF00688247 /* UPCarouselFlowLayout.swift */ = {isa = PBXFileReference; fileEncoding = 4; lastKnownFileType = sourcecode.swift; path = UPCarouselFlowLayout.swift; sourceTree = "<group>"; };
		EB5842BBE278F730E30579EA /* Pods-MaldivesWhaleSharkResearchTests.debug.xcconfig */ = {isa = PBXFileReference; includeInIndex = 1; lastKnownFileType = text.xcconfig; name = "Pods-MaldivesWhaleSharkResearchTests.debug.xcconfig"; path = "Pods/Target Support Files/Pods-MaldivesWhaleSharkResearchTests/Pods-MaldivesWhaleSharkResearchTests.debug.xcconfig"; sourceTree = "<group>"; };
		EE3C012FC0E5EF7D6D7639F1 /* Pods-MaldivesWhaleSharkResearchUITests.release.xcconfig */ = {isa = PBXFileReference; includeInIndex = 1; lastKnownFileType = text.xcconfig; name = "Pods-MaldivesWhaleSharkResearchUITests.release.xcconfig"; path = "Pods/Target Support Files/Pods-MaldivesWhaleSharkResearchUITests/Pods-MaldivesWhaleSharkResearchUITests.release.xcconfig"; sourceTree = "<group>"; };
/* End PBXFileReference section */

/* Begin PBXFrameworksBuildPhase section */
		04CEF2EE1EAB19550057A119 /* Frameworks */ = {
			isa = PBXFrameworksBuildPhase;
			buildActionMask = 2147483647;
			files = (
				356D10F11F8E46CF00244C05 /* i3s.framework in Frameworks */,
				356D10F01F8E46CA00244C05 /* i3s_swift.framework in Frameworks */,
				042DBBE71EBF436D00DA93B6 /* AVKit.framework in Frameworks */,
				042DBBE51EBF436600DA93B6 /* AVFoundation.framework in Frameworks */,
				DBA7A76AD185789770831CC2 /* Pods_MaldivesWhaleSharkResearch.framework in Frameworks */,
			);
			runOnlyForDeploymentPostprocessing = 0;
		};
		04CEF3051EAB19550057A119 /* Frameworks */ = {
			isa = PBXFrameworksBuildPhase;
			buildActionMask = 2147483647;
			files = (
				4B567D847252AC37A414B93F /* Pods_MaldivesWhaleSharkResearchTests.framework in Frameworks */,
			);
			runOnlyForDeploymentPostprocessing = 0;
		};
		04CEF3101EAB19550057A119 /* Frameworks */ = {
			isa = PBXFrameworksBuildPhase;
			buildActionMask = 2147483647;
			files = (
				3E56C2B650CE78E75CF9C916 /* Pods_MaldivesWhaleSharkResearchUITests.framework in Frameworks */,
			);
			runOnlyForDeploymentPostprocessing = 0;
		};
/* End PBXFrameworksBuildPhase section */

/* Begin PBXGroup section */
		041A467C1EB474F300DF749C /* Fonts */ = {
			isa = PBXGroup;
			children = (
				041A467F1EB4752600DF749C /* Museo300-Regular.otf */,
				041A467D1EB4750B00DF749C /* MuseoSans_500.otf */,
			);
			name = Fonts;
			sourceTree = "<group>";
		};
		042776B21EB8B27900D505C5 /* Login */ = {
			isa = PBXGroup;
			children = (
				04A0D8A81EB882FE00B8EC63 /* SignInViewController.swift */,
				042454241EBA0FCF009584B2 /* LoginCoordinator.swift */,
			);
			name = Login;
			sourceTree = "<group>";
		};
		042776B31EB8B29A00D505C5 /* Models */ = {
			isa = PBXGroup;
			children = (
				04B95E9C1ED0987C00217DE4 /* Stats.swift */,
				042776B61EB8B9FC00D505C5 /* Encounter.swift */,
				042776B01EB8B1C900D505C5 /* User.swift */,
				042776B41EB8B71100D505C5 /* WhaleShark.swift */,
				04A7E5F21EE742830069F6FB /* Shark.swift */,
			);
			name = Models;
			sourceTree = "<group>";
		};
		042DBBCF1EBC3BAB00DA93B6 /* Storyboards */ = {
			isa = PBXGroup;
			children = (
				04CEF2F81EAB19550057A119 /* Main.storyboard */,
				04AFC9481EB33513001C738F /* Walkthrough.storyboard */,
				042DBC011EC81DF200DA93B6 /* UploadWalkthrough.storyboard */,
				042DBC051EC84FBF00DA93B6 /* UploadPicture.storyboard */,
				04CEF3001EAB19550057A119 /* LaunchScreen.storyboard */,
			);
			name = Storyboards;
			sourceTree = "<group>";
		};
		042DBBD01EBE084800DA93B6 /* Stats */ = {
			isa = PBXGroup;
			children = (
				042FF0681EB9E2EE00C7E390 /* StatsViewController.swift */,
				042DBBD31EBE08AE00DA93B6 /* WeekViewController.swift */,
				042DBBD51EBE08BB00DA93B6 /* MonthViewController.swift */,
				042DBBD71EBE08C700DA93B6 /* AllTimeViewController.swift */,
			);
			name = Stats;
			sourceTree = "<group>";
		};
		042DBBD11EBE085900DA93B6 /* About */ = {
			isa = PBXGroup;
			children = (
				04EBB5601EB88A6A008D5B4C /* AboutViewController.swift */,
				042DBBDC1EBE9E4800DA93B6 /* MWSRPViewController.swift */,
				042DBBDE1EBE9E9400DA93B6 /* BFNViewController.swift */,
				042DBBE01EBE9ED000DA93B6 /* CritterViewController.swift */,
				042DBBE81EC0B7FA00DA93B6 /* SettingsViewController.swift */,
			);
			name = About;
			sourceTree = "<group>";
		};
		042DBBD21EBE086700DA93B6 /* Encounter */ = {
			isa = PBXGroup;
			children = (
				043C342F1EB46A1F00D52BB8 /* EncountersTableViewController.swift */,
				041A46811EB4858E00DF749C /* EncounterTableViewCell.swift */,
				041A46851EB5CB7100DF749C /* EncounterDetailViewController.swift */,
				04E19F1A1EDBF6C600E4BB22 /* EncounterCollectionViewCell.swift */,
			);
			name = Encounter;
			sourceTree = "<group>";
		};
		042DBBD91EBE108F00DA93B6 /* Map */ = {
			isa = PBXGroup;
			children = (
				042DBBDA1EBE11C600DA93B6 /* MapViewController.swift */,
			);
			name = Map;
			sourceTree = "<group>";
		};
		042DBBEE1EC0C96000DA93B6 /* Sharks */ = {
			isa = PBXGroup;
			children = (
				042DBBEA1EC0C7AA00DA93B6 /* SharksTableViewController.swift */,
				042DBBEF1EC0C9C300DA93B6 /* SharkTableViewCell.swift */,
				04E19F1C1EDD519300E4BB22 /* SharkProfile */,
			);
			name = Sharks;
			path = ..;
			sourceTree = "<group>";
		};
		04660F7F1EDF2D8F00E2A257 /* Libraries */ = {
			isa = PBXGroup;
			children = (
				EAE707B41EF7E2AF00688247 /* UPCarouselFlowLayout */,
				EAE707951EF7CC8C00688247 /* Fusuma */,
				04660F801EDF2DB100E2A257 /* Cluster */,
			);
			name = Libraries;
			sourceTree = "<group>";
		};
		04660F801EDF2DB100E2A257 /* Cluster */ = {
			isa = PBXGroup;
			children = (
				04660F891EDF2E9000E2A257 /* Annotation.swift */,
				04660F8A1EDF2E9000E2A257 /* Cluster.swift */,
				04660F8B1EDF2E9000E2A257 /* Extensions.swift */,
				04660F8C1EDF2E9000E2A257 /* QuadTree.swift */,
			);
			name = Cluster;
			sourceTree = "<group>";
		};
		04A7E5E31EE546A10069F6FB /* PhotoUpload */ = {
			isa = PBXGroup;
			children = (
				04A7E5E81EE6B6CA0069F6FB /* PhotoInformationViewController.swift */,
				04A7E5EA1EE6B6EB0069F6FB /* EditPhotoInformationViewController.swift */,
				04A7E5E41EE66F080069F6FB /* ReportEncounterViewController.swift */,
				04A7E5E61EE6A3FA0069F6FB /* ComparisonProgressViewController.swift */,
				04A7E5EC1EE6EB9A0069F6FB /* ComparisonResultsViewController.swift */,
				0496F9181EF4793100E68F2F /* SharkInfoCollectionViewCell.swift */,
				0496F91A1EF56DA700E68F2F /* UploadResultsViewController.swift */,
				0496F91C1EF5798E00E68F2F /* UploadConfirmationViewController.swift */,
				EAE707B21EF7E1D100688247 /* SharkInfoLabelCollectionViewCell.swift */,
			);
			name = PhotoUpload;
			sourceTree = "<group>";
		};
		04CEF2E81EAB19550057A119 = {
			isa = PBXGroup;
			children = (
				356D10D91F8E46C200244C05 /* Dependencies.xcodeproj */,
				04CEF2F31EAB19550057A119 /* MaldivesWhaleSharkResearch */,
				04CEF30B1EAB19550057A119 /* MaldivesWhaleSharkResearchTests */,
				04CEF3161EAB19550057A119 /* MaldivesWhaleSharkResearchUITests */,
				04CEF2F21EAB19550057A119 /* Products */,
				CA394C4918846BF5466E0F10 /* Pods */,
				389622A6A72E6AC192BCF5B6 /* Frameworks */,
			);
			sourceTree = "<group>";
		};
		04CEF2F21EAB19550057A119 /* Products */ = {
			isa = PBXGroup;
			children = (
				04CEF2F11EAB19550057A119 /* MaldivesWhaleSharkResearch.app */,
				04CEF3081EAB19550057A119 /* MaldivesWhaleSharkResearchTests.xctest */,
				04CEF3131EAB19550057A119 /* MaldivesWhaleSharkResearchUITests.xctest */,
			);
			name = Products;
			sourceTree = "<group>";
		};
		04CEF2F31EAB19550057A119 /* MaldivesWhaleSharkResearch */ = {
			isa = PBXGroup;
			children = (
				042DBBCF1EBC3BAB00DA93B6 /* Storyboards */,
				042776B21EB8B27900D505C5 /* Login */,
				04A7E5E31EE546A10069F6FB /* PhotoUpload */,
				042DBBD21EBE086700DA93B6 /* Encounter */,
				042DBBD01EBE084800DA93B6 /* Stats */,
				042DBBD91EBE108F00DA93B6 /* Map */,
				042DBBEE1EC0C96000DA93B6 /* Sharks */,
				042DBBD11EBE085900DA93B6 /* About */,
				042776B31EB8B29A00D505C5 /* Models */,
				04660F7F1EDF2D8F00E2A257 /* Libraries */,
				04E19F171EDA7F5900E4BB22 /* Helpers */,
				041A467C1EB474F300DF749C /* Fonts */,
				04CEF2FE1EAB19550057A119 /* Assets.xcassets */,
				04CEF3031EAB19550057A119 /* Info.plist */,
				04CEF3251EAB198F0057A119 /* GoogleService-Info.plist */,
				04CEF2FB1EAB19550057A119 /* MaldivesWhaleSharkResearch.xcdatamodeld */,
				042DBBE21EBF434200DA93B6 /* whalesharkvideo.mp4 */,
			);
			path = MaldivesWhaleSharkResearch;
			sourceTree = "<group>";
		};
		04CEF30B1EAB19550057A119 /* MaldivesWhaleSharkResearchTests */ = {
			isa = PBXGroup;
			children = (
				04CEF30C1EAB19550057A119 /* MaldivesWhaleSharkResearchTests.swift */,
				04CEF30E1EAB19550057A119 /* Info.plist */,
			);
			path = MaldivesWhaleSharkResearchTests;
			sourceTree = "<group>";
		};
		04CEF3161EAB19550057A119 /* MaldivesWhaleSharkResearchUITests */ = {
			isa = PBXGroup;
			children = (
				04CEF3171EAB19550057A119 /* MaldivesWhaleSharkResearchUITests.swift */,
				04CEF3191EAB19550057A119 /* Info.plist */,
			);
			path = MaldivesWhaleSharkResearchUITests;
			sourceTree = "<group>";
		};
		04E19F171EDA7F5900E4BB22 /* Helpers */ = {
			isa = PBXGroup;
			children = (
				04CEF2F41EAB19550057A119 /* AppDelegate.swift */,
				043C342D1EB44BA500D52BB8 /* TabBarViewController.swift */,
				04A7E5EE1EE721F00069F6FB /* SegueFromRight.swift */,
				04A7E5F01EE724770069F6FB /* UnwindSegueFromRight.swift */,
				04E19F181EDA9A4600E4BB22 /* AlgoliaManager.swift */,
			);
			name = Helpers;
			sourceTree = "<group>";
		};
		04E19F1C1EDD519300E4BB22 /* SharkProfile */ = {
			isa = PBXGroup;
			children = (
				042DBBF51EC1886600DA93B6 /* SharkProfileTableViewController.swift */,
				042DBBFF1EC1A0AD00DA93B6 /* SharkImagesTableViewCell.swift */,
				042DBBF71EC1939600DA93B6 /* SharkImageCollectionViewCell.swift */,
				042DBBF91EC1956600DA93B6 /* SharkDescriptionTableViewCell.swift */,
				042DBBFB1EC1957400DA93B6 /* SharkFirstEncounterTableViewCell.swift */,
				042DBBFD1EC1958000DA93B6 /* SharkLastEncounterTableViewCell.swift */,
			);
			name = SharkProfile;
			sourceTree = "<group>";
		};
		356D10DA1F8E46C200244C05 /* Products */ = {
			isa = PBXGroup;
			children = (
				356D10E71F8E46C200244C05 /* Dependencies.framework */,
				356D10E91F8E46C200244C05 /* i3s_swift.framework */,
				356D10EB1F8E46C200244C05 /* i3s.framework */,
			);
			name = Products;
			sourceTree = "<group>";
		};
		389622A6A72E6AC192BCF5B6 /* Frameworks */ = {
			isa = PBXGroup;
			children = (
				042DBBE61EBF436D00DA93B6 /* AVKit.framework */,
				042DBBE41EBF436600DA93B6 /* AVFoundation.framework */,
				05069E331F56640F8E911B8D /* Pods_MaldivesWhaleSharkResearch.framework */,
				21708BB94A1E1599C3046E70 /* Pods_MaldivesWhaleSharkResearchTests.framework */,
				C3813DF1825C1F3F972FDC2F /* Pods_MaldivesWhaleSharkResearchUITests.framework */,
			);
			name = Frameworks;
			sourceTree = "<group>";
		};
		CA394C4918846BF5466E0F10 /* Pods */ = {
			isa = PBXGroup;
			children = (
				64E6BF5ADE52B1D1E72C0A48 /* Pods-MaldivesWhaleSharkResearch.debug.xcconfig */,
				0E3ED0F2E41A9A04FA2C636F /* Pods-MaldivesWhaleSharkResearch.release.xcconfig */,
				EB5842BBE278F730E30579EA /* Pods-MaldivesWhaleSharkResearchTests.debug.xcconfig */,
				8DB22360E225F6EE928BBBDC /* Pods-MaldivesWhaleSharkResearchTests.release.xcconfig */,
				B6C2CF165336D275509E38FB /* Pods-MaldivesWhaleSharkResearchUITests.debug.xcconfig */,
				EE3C012FC0E5EF7D6D7639F1 /* Pods-MaldivesWhaleSharkResearchUITests.release.xcconfig */,
			);
			name = Pods;
			sourceTree = "<group>";
		};
		EAE707951EF7CC8C00688247 /* Fusuma */ = {
			isa = PBXGroup;
			children = (
				EAE707961EF7CC8C00688247 /* Assets.xcassets */,
				EAE707971EF7CC8C00688247 /* FSAlbumView.swift */,
				EAE707981EF7CC8C00688247 /* FSAlbumView.xib */,
				EAE707991EF7CC8C00688247 /* FSAlbumViewCell.swift */,
				EAE7079A1EF7CC8C00688247 /* FSAlbumViewCell.xib */,
				EAE7079B1EF7CC8C00688247 /* FSCameraView.swift */,
				EAE7079C1EF7CC8C00688247 /* FSCameraView.xib */,
				EAE7079D1EF7CC8C00688247 /* FSConstants.swift */,
				EAE7079E1EF7CC8C00688247 /* FSImageCropView.swift */,
				EAE7079F1EF7CC8C00688247 /* FSVideoCameraView.swift */,
				EAE707A01EF7CC8C00688247 /* FSVideoCameraView.xib */,
				EAE707A11EF7CC8C00688247 /* FusumaViewController.swift */,
				EAE707A21EF7CC8C00688247 /* FusumaViewController.swift.orig */,
				EAE707A31EF7CC8C00688247 /* FusumaViewController.xib */,
			);
			name = Fusuma;
			path = Library/Fusuma;
			sourceTree = "<group>";
		};
		EAE707B41EF7E2AF00688247 /* UPCarouselFlowLayout */ = {
			isa = PBXGroup;
			children = (
				EAE707B51EF7E2AF00688247 /* Info.plist */,
				EAE707B61EF7E2AF00688247 /* UPCarouselFlowLayout.h */,
				EAE707B71EF7E2AF00688247 /* UPCarouselFlowLayout.swift */,
			);
			name = UPCarouselFlowLayout;
			path = Library/UPCarouselFlowLayout;
			sourceTree = "<group>";
		};
/* End PBXGroup section */

/* Begin PBXNativeTarget section */
		04CEF2F01EAB19550057A119 /* MaldivesWhaleSharkResearch */ = {
			isa = PBXNativeTarget;
			buildConfigurationList = 04CEF31C1EAB19550057A119 /* Build configuration list for PBXNativeTarget "MaldivesWhaleSharkResearch" */;
			buildPhases = (
				BDCDCE3881AC56ACF037333E /* [CP] Check Pods Manifest.lock */,
				04CEF2ED1EAB19550057A119 /* Sources */,
				04CEF2EE1EAB19550057A119 /* Frameworks */,
				04CEF2EF1EAB19550057A119 /* Resources */,
				D01B83C3B87225C1E74819FF /* [CP] Embed Pods Frameworks */,
				89C9FFED1291282FD42123BA /* [CP] Copy Pods Resources */,
			);
			buildRules = (
			);
			dependencies = (
			);
			name = MaldivesWhaleSharkResearch;
			productName = MaldivesWhaleSharkResearch;
			productReference = 04CEF2F11EAB19550057A119 /* MaldivesWhaleSharkResearch.app */;
			productType = "com.apple.product-type.application";
		};
		04CEF3071EAB19550057A119 /* MaldivesWhaleSharkResearchTests */ = {
			isa = PBXNativeTarget;
			buildConfigurationList = 04CEF31F1EAB19550057A119 /* Build configuration list for PBXNativeTarget "MaldivesWhaleSharkResearchTests" */;
			buildPhases = (
				E93F4C715F417300BF4DD800 /* [CP] Check Pods Manifest.lock */,
				04CEF3041EAB19550057A119 /* Sources */,
				04CEF3051EAB19550057A119 /* Frameworks */,
				04CEF3061EAB19550057A119 /* Resources */,
				542F20B4AF5A3148EBF9F6DB /* [CP] Embed Pods Frameworks */,
				6F43760F1693D909A6C4215C /* [CP] Copy Pods Resources */,
			);
			buildRules = (
			);
			dependencies = (
				04CEF30A1EAB19550057A119 /* PBXTargetDependency */,
			);
			name = MaldivesWhaleSharkResearchTests;
			productName = MaldivesWhaleSharkResearchTests;
			productReference = 04CEF3081EAB19550057A119 /* MaldivesWhaleSharkResearchTests.xctest */;
			productType = "com.apple.product-type.bundle.unit-test";
		};
		04CEF3121EAB19550057A119 /* MaldivesWhaleSharkResearchUITests */ = {
			isa = PBXNativeTarget;
			buildConfigurationList = 04CEF3221EAB19550057A119 /* Build configuration list for PBXNativeTarget "MaldivesWhaleSharkResearchUITests" */;
			buildPhases = (
				4112A0B26C33226FFCEBB122 /* [CP] Check Pods Manifest.lock */,
				04CEF30F1EAB19550057A119 /* Sources */,
				04CEF3101EAB19550057A119 /* Frameworks */,
				04CEF3111EAB19550057A119 /* Resources */,
				CF696D94D3C523F50385DC01 /* [CP] Embed Pods Frameworks */,
				E7E4AF864C2A2968F2E8B150 /* [CP] Copy Pods Resources */,
			);
			buildRules = (
			);
			dependencies = (
				04CEF3151EAB19550057A119 /* PBXTargetDependency */,
			);
			name = MaldivesWhaleSharkResearchUITests;
			productName = MaldivesWhaleSharkResearchUITests;
			productReference = 04CEF3131EAB19550057A119 /* MaldivesWhaleSharkResearchUITests.xctest */;
			productType = "com.apple.product-type.bundle.ui-testing";
		};
/* End PBXNativeTarget section */

/* Begin PBXProject section */
		04CEF2E91EAB19550057A119 /* Project object */ = {
			isa = PBXProject;
			attributes = {
				LastSwiftUpdateCheck = 0830;
				LastUpgradeCheck = 0830;
				ORGANIZATIONNAME = dooddevelopments;
				TargetAttributes = {
					04CEF2F01EAB19550057A119 = {
						CreatedOnToolsVersion = 8.3.2;
						DevelopmentTeam = C94Z46D27H;
						ProvisioningStyle = Automatic;
					};
					04CEF3071EAB19550057A119 = {
						CreatedOnToolsVersion = 8.3.2;
						DevelopmentTeam = ERF7V8C7KW;
						ProvisioningStyle = Automatic;
						TestTargetID = 04CEF2F01EAB19550057A119;
					};
					04CEF3121EAB19550057A119 = {
						CreatedOnToolsVersion = 8.3.2;
						DevelopmentTeam = ERF7V8C7KW;
						ProvisioningStyle = Automatic;
						TestTargetID = 04CEF2F01EAB19550057A119;
					};
				};
			};
			buildConfigurationList = 04CEF2EC1EAB19550057A119 /* Build configuration list for PBXProject "MaldivesWhaleSharkResearch" */;
			compatibilityVersion = "Xcode 3.2";
			developmentRegion = English;
			hasScannedForEncodings = 0;
			knownRegions = (
				en,
				Base,
			);
			mainGroup = 04CEF2E81EAB19550057A119;
			productRefGroup = 04CEF2F21EAB19550057A119 /* Products */;
			projectDirPath = "";
			projectReferences = (
				{
					ProductGroup = 356D10DA1F8E46C200244C05 /* Products */;
					ProjectRef = 356D10D91F8E46C200244C05 /* Dependencies.xcodeproj */;
				},
			);
			projectRoot = "";
			targets = (
				04CEF2F01EAB19550057A119 /* MaldivesWhaleSharkResearch */,
				04CEF3071EAB19550057A119 /* MaldivesWhaleSharkResearchTests */,
				04CEF3121EAB19550057A119 /* MaldivesWhaleSharkResearchUITests */,
			);
		};
/* End PBXProject section */

/* Begin PBXReferenceProxy section */
		356D10E71F8E46C200244C05 /* Dependencies.framework */ = {
			isa = PBXReferenceProxy;
			fileType = wrapper.framework;
			path = Dependencies.framework;
			remoteRef = 356D10E61F8E46C200244C05 /* PBXContainerItemProxy */;
			sourceTree = BUILT_PRODUCTS_DIR;
		};
		356D10E91F8E46C200244C05 /* i3s_swift.framework */ = {
			isa = PBXReferenceProxy;
			fileType = wrapper.framework;
			path = i3s_swift.framework;
			remoteRef = 356D10E81F8E46C200244C05 /* PBXContainerItemProxy */;
			sourceTree = BUILT_PRODUCTS_DIR;
		};
		356D10EB1F8E46C200244C05 /* i3s.framework */ = {
			isa = PBXReferenceProxy;
			fileType = wrapper.framework;
			path = i3s.framework;
			remoteRef = 356D10EA1F8E46C200244C05 /* PBXContainerItemProxy */;
			sourceTree = BUILT_PRODUCTS_DIR;
		};
/* End PBXReferenceProxy section */

/* Begin PBXResourcesBuildPhase section */
		04CEF2EF1EAB19550057A119 /* Resources */ = {
			isa = PBXResourcesBuildPhase;
			buildActionMask = 2147483647;
			files = (
				EAE707AE1EF7CC8C00688247 /* FSVideoCameraView.xib in Resources */,
				041A467E1EB4750B00DF749C /* MuseoSans_500.otf in Resources */,
				EAE707B81EF7E2AF00688247 /* Info.plist in Resources */,
				EAE707A61EF7CC8C00688247 /* FSAlbumView.xib in Resources */,
				EAE707AA1EF7CC8C00688247 /* FSCameraView.xib in Resources */,
				041A46801EB4752600DF749C /* Museo300-Regular.otf in Resources */,
				EAE707B11EF7CC8C00688247 /* FusumaViewController.xib in Resources */,
				EAE707A41EF7CC8C00688247 /* Assets.xcassets in Resources */,
				04CEF3021EAB19550057A119 /* LaunchScreen.storyboard in Resources */,
				042DBBE31EBF434200DA93B6 /* whalesharkvideo.mp4 in Resources */,
				EAE707A81EF7CC8C00688247 /* FSAlbumViewCell.xib in Resources */,
				EAE707B01EF7CC8C00688247 /* FusumaViewController.swift.orig in Resources */,
				042DBC061EC84FBF00DA93B6 /* UploadPicture.storyboard in Resources */,
				04CEF3261EAB198F0057A119 /* GoogleService-Info.plist in Resources */,
				04AFC9491EB33513001C738F /* Walkthrough.storyboard in Resources */,
				04CEF2FF1EAB19550057A119 /* Assets.xcassets in Resources */,
				042DBC021EC81DF200DA93B6 /* UploadWalkthrough.storyboard in Resources */,
				04CEF2FA1EAB19550057A119 /* Main.storyboard in Resources */,
			);
			runOnlyForDeploymentPostprocessing = 0;
		};
		04CEF3061EAB19550057A119 /* Resources */ = {
			isa = PBXResourcesBuildPhase;
			buildActionMask = 2147483647;
			files = (
				04CEF3271EAB198F0057A119 /* GoogleService-Info.plist in Resources */,
			);
			runOnlyForDeploymentPostprocessing = 0;
		};
		04CEF3111EAB19550057A119 /* Resources */ = {
			isa = PBXResourcesBuildPhase;
			buildActionMask = 2147483647;
			files = (
				04CEF3281EAB198F0057A119 /* GoogleService-Info.plist in Resources */,
			);
			runOnlyForDeploymentPostprocessing = 0;
		};
/* End PBXResourcesBuildPhase section */

/* Begin PBXShellScriptBuildPhase section */
		4112A0B26C33226FFCEBB122 /* [CP] Check Pods Manifest.lock */ = {
			isa = PBXShellScriptBuildPhase;
			buildActionMask = 2147483647;
			files = (
			);
			inputPaths = (
			);
			name = "[CP] Check Pods Manifest.lock";
			outputPaths = (
			);
			runOnlyForDeploymentPostprocessing = 0;
			shellPath = /bin/sh;
			shellScript = "diff \"${PODS_PODFILE_DIR_PATH}/Podfile.lock\" \"${PODS_ROOT}/Manifest.lock\" > /dev/null\nif [ $? != 0 ] ; then\n    # print error to STDERR\n    echo \"error: The sandbox is not in sync with the Podfile.lock. Run 'pod install' or update your CocoaPods installation.\" >&2\n    exit 1\nfi\n";
			showEnvVarsInLog = 0;
		};
		542F20B4AF5A3148EBF9F6DB /* [CP] Embed Pods Frameworks */ = {
			isa = PBXShellScriptBuildPhase;
			buildActionMask = 2147483647;
			files = (
			);
			inputPaths = (
			);
			name = "[CP] Embed Pods Frameworks";
			outputPaths = (
			);
			runOnlyForDeploymentPostprocessing = 0;
			shellPath = /bin/sh;
			shellScript = "\"${SRCROOT}/Pods/Target Support Files/Pods-MaldivesWhaleSharkResearchTests/Pods-MaldivesWhaleSharkResearchTests-frameworks.sh\"\n";
			showEnvVarsInLog = 0;
		};
		6F43760F1693D909A6C4215C /* [CP] Copy Pods Resources */ = {
			isa = PBXShellScriptBuildPhase;
			buildActionMask = 2147483647;
			files = (
			);
			inputPaths = (
			);
			name = "[CP] Copy Pods Resources";
			outputPaths = (
			);
			runOnlyForDeploymentPostprocessing = 0;
			shellPath = /bin/sh;
			shellScript = "\"${SRCROOT}/Pods/Target Support Files/Pods-MaldivesWhaleSharkResearchTests/Pods-MaldivesWhaleSharkResearchTests-resources.sh\"\n";
			showEnvVarsInLog = 0;
		};
		89C9FFED1291282FD42123BA /* [CP] Copy Pods Resources */ = {
			isa = PBXShellScriptBuildPhase;
			buildActionMask = 2147483647;
			files = (
			);
			inputPaths = (
			);
			name = "[CP] Copy Pods Resources";
			outputPaths = (
			);
			runOnlyForDeploymentPostprocessing = 0;
			shellPath = /bin/sh;
			shellScript = "\"${SRCROOT}/Pods/Target Support Files/Pods-MaldivesWhaleSharkResearch/Pods-MaldivesWhaleSharkResearch-resources.sh\"\n";
			showEnvVarsInLog = 0;
		};
		BDCDCE3881AC56ACF037333E /* [CP] Check Pods Manifest.lock */ = {
			isa = PBXShellScriptBuildPhase;
			buildActionMask = 2147483647;
			files = (
			);
			inputPaths = (
			);
			name = "[CP] Check Pods Manifest.lock";
			outputPaths = (
			);
			runOnlyForDeploymentPostprocessing = 0;
			shellPath = /bin/sh;
			shellScript = "diff \"${PODS_PODFILE_DIR_PATH}/Podfile.lock\" \"${PODS_ROOT}/Manifest.lock\" > /dev/null\nif [ $? != 0 ] ; then\n    # print error to STDERR\n    echo \"error: The sandbox is not in sync with the Podfile.lock. Run 'pod install' or update your CocoaPods installation.\" >&2\n    exit 1\nfi\n";
			showEnvVarsInLog = 0;
		};
		CF696D94D3C523F50385DC01 /* [CP] Embed Pods Frameworks */ = {
			isa = PBXShellScriptBuildPhase;
			buildActionMask = 2147483647;
			files = (
			);
			inputPaths = (
			);
			name = "[CP] Embed Pods Frameworks";
			outputPaths = (
			);
			runOnlyForDeploymentPostprocessing = 0;
			shellPath = /bin/sh;
			shellScript = "\"${SRCROOT}/Pods/Target Support Files/Pods-MaldivesWhaleSharkResearchUITests/Pods-MaldivesWhaleSharkResearchUITests-frameworks.sh\"\n";
			showEnvVarsInLog = 0;
		};
		D01B83C3B87225C1E74819FF /* [CP] Embed Pods Frameworks */ = {
			isa = PBXShellScriptBuildPhase;
			buildActionMask = 2147483647;
			files = (
			);
			inputPaths = (
			);
			name = "[CP] Embed Pods Frameworks";
			outputPaths = (
			);
			runOnlyForDeploymentPostprocessing = 0;
			shellPath = /bin/sh;
			shellScript = "\"${SRCROOT}/Pods/Target Support Files/Pods-MaldivesWhaleSharkResearch/Pods-MaldivesWhaleSharkResearch-frameworks.sh\"\n";
			showEnvVarsInLog = 0;
		};
		E7E4AF864C2A2968F2E8B150 /* [CP] Copy Pods Resources */ = {
			isa = PBXShellScriptBuildPhase;
			buildActionMask = 2147483647;
			files = (
			);
			inputPaths = (
			);
			name = "[CP] Copy Pods Resources";
			outputPaths = (
			);
			runOnlyForDeploymentPostprocessing = 0;
			shellPath = /bin/sh;
			shellScript = "\"${SRCROOT}/Pods/Target Support Files/Pods-MaldivesWhaleSharkResearchUITests/Pods-MaldivesWhaleSharkResearchUITests-resources.sh\"\n";
			showEnvVarsInLog = 0;
		};
		E93F4C715F417300BF4DD800 /* [CP] Check Pods Manifest.lock */ = {
			isa = PBXShellScriptBuildPhase;
			buildActionMask = 2147483647;
			files = (
			);
			inputPaths = (
			);
			name = "[CP] Check Pods Manifest.lock";
			outputPaths = (
			);
			runOnlyForDeploymentPostprocessing = 0;
			shellPath = /bin/sh;
			shellScript = "diff \"${PODS_PODFILE_DIR_PATH}/Podfile.lock\" \"${PODS_ROOT}/Manifest.lock\" > /dev/null\nif [ $? != 0 ] ; then\n    # print error to STDERR\n    echo \"error: The sandbox is not in sync with the Podfile.lock. Run 'pod install' or update your CocoaPods installation.\" >&2\n    exit 1\nfi\n";
			showEnvVarsInLog = 0;
		};
/* End PBXShellScriptBuildPhase section */

/* Begin PBXSourcesBuildPhase section */
		04CEF2ED1EAB19550057A119 /* Sources */ = {
			isa = PBXSourcesBuildPhase;
			buildActionMask = 2147483647;
			files = (
				04A7E5ED1EE6EB9A0069F6FB /* ComparisonResultsViewController.swift in Sources */,
				EAE707A51EF7CC8C00688247 /* FSAlbumView.swift in Sources */,
				04660F901EDF2E9000E2A257 /* QuadTree.swift in Sources */,
				042DBBD41EBE08AE00DA93B6 /* WeekViewController.swift in Sources */,
				042776B71EB8B9FC00D505C5 /* Encounter.swift in Sources */,
				04A7E5E91EE6B6CA0069F6FB /* PhotoInformationViewController.swift in Sources */,
				EAE707B91EF7E2AF00688247 /* UPCarouselFlowLayout.swift in Sources */,
				EAE707B31EF7E1D100688247 /* SharkInfoLabelCollectionViewCell.swift in Sources */,
				042DBBF81EC1939600DA93B6 /* SharkImageCollectionViewCell.swift in Sources */,
				04E19F191EDA9A4600E4BB22 /* AlgoliaManager.swift in Sources */,
				042DBBE91EC0B7FA00DA93B6 /* SettingsViewController.swift in Sources */,
				041A46861EB5CB7100DF749C /* EncounterDetailViewController.swift in Sources */,
				04A7E5EB1EE6B6EB0069F6FB /* EditPhotoInformationViewController.swift in Sources */,
				EAE707AC1EF7CC8C00688247 /* FSImageCropView.swift in Sources */,
				041A46821EB4858E00DF749C /* EncounterTableViewCell.swift in Sources */,
				042DBBEB1EC0C7AA00DA93B6 /* SharksTableViewController.swift in Sources */,
				04EBB5611EB88A6A008D5B4C /* AboutViewController.swift in Sources */,
				04A7E5E51EE66F080069F6FB /* ReportEncounterViewController.swift in Sources */,
				042DBBF61EC1886600DA93B6 /* SharkProfileTableViewController.swift in Sources */,
				042454251EBA0FCF009584B2 /* LoginCoordinator.swift in Sources */,
				042DBBE11EBE9ED000DA93B6 /* CritterViewController.swift in Sources */,
				04660F8E1EDF2E9000E2A257 /* Cluster.swift in Sources */,
				04E19F1B1EDBF6C600E4BB22 /* EncounterCollectionViewCell.swift in Sources */,
				043C342E1EB44BA500D52BB8 /* TabBarViewController.swift in Sources */,
				04A7E5F11EE724770069F6FB /* UnwindSegueFromRight.swift in Sources */,
				042DBBFC1EC1957400DA93B6 /* SharkFirstEncounterTableViewCell.swift in Sources */,
				042DBC001EC1A0AD00DA93B6 /* SharkImagesTableViewCell.swift in Sources */,
				04A0D8A91EB882FE00B8EC63 /* SignInViewController.swift in Sources */,
				043C34301EB46A1F00D52BB8 /* EncountersTableViewController.swift in Sources */,
				EAE707A91EF7CC8C00688247 /* FSCameraView.swift in Sources */,
				042DBBFE1EC1958000DA93B6 /* SharkLastEncounterTableViewCell.swift in Sources */,
				04660F8F1EDF2E9000E2A257 /* Extensions.swift in Sources */,
				04660F8D1EDF2E9000E2A257 /* Annotation.swift in Sources */,
				042776B51EB8B71100D505C5 /* WhaleShark.swift in Sources */,
				0496F9191EF4793100E68F2F /* SharkInfoCollectionViewCell.swift in Sources */,
				04B95E9D1ED0987C00217DE4 /* Stats.swift in Sources */,
				04CEF2FD1EAB19550057A119 /* MaldivesWhaleSharkResearch.xcdatamodeld in Sources */,
				04A7E5EF1EE721F00069F6FB /* SegueFromRight.swift in Sources */,
				042DBBFA1EC1956600DA93B6 /* SharkDescriptionTableViewCell.swift in Sources */,
				042DBBDF1EBE9E9400DA93B6 /* BFNViewController.swift in Sources */,
				042DBBD61EBE08BB00DA93B6 /* MonthViewController.swift in Sources */,
				EAE707AF1EF7CC8C00688247 /* FusumaViewController.swift in Sources */,
				04A7E5F31EE742830069F6FB /* Shark.swift in Sources */,
				04A7E5E71EE6A3FA0069F6FB /* ComparisonProgressViewController.swift in Sources */,
				042DBBDD1EBE9E4800DA93B6 /* MWSRPViewController.swift in Sources */,
				042776B11EB8B1C900D505C5 /* User.swift in Sources */,
				EAE707AD1EF7CC8C00688247 /* FSVideoCameraView.swift in Sources */,
				042DBBD81EBE08C700DA93B6 /* AllTimeViewController.swift in Sources */,
				042FF0691EB9E2EE00C7E390 /* StatsViewController.swift in Sources */,
				0496F91B1EF56DA700E68F2F /* UploadResultsViewController.swift in Sources */,
				0496F91D1EF5798E00E68F2F /* UploadConfirmationViewController.swift in Sources */,
				04CEF2F51EAB19550057A119 /* AppDelegate.swift in Sources */,
				EAE707A71EF7CC8C00688247 /* FSAlbumViewCell.swift in Sources */,
				042DBBDB1EBE11C600DA93B6 /* MapViewController.swift in Sources */,
				EAE707AB1EF7CC8C00688247 /* FSConstants.swift in Sources */,
				042DBBF01EC0C9C300DA93B6 /* SharkTableViewCell.swift in Sources */,
			);
			runOnlyForDeploymentPostprocessing = 0;
		};
		04CEF3041EAB19550057A119 /* Sources */ = {
			isa = PBXSourcesBuildPhase;
			buildActionMask = 2147483647;
			files = (
				04CEF30D1EAB19550057A119 /* MaldivesWhaleSharkResearchTests.swift in Sources */,
			);
			runOnlyForDeploymentPostprocessing = 0;
		};
		04CEF30F1EAB19550057A119 /* Sources */ = {
			isa = PBXSourcesBuildPhase;
			buildActionMask = 2147483647;
			files = (
				04CEF3181EAB19550057A119 /* MaldivesWhaleSharkResearchUITests.swift in Sources */,
			);
			runOnlyForDeploymentPostprocessing = 0;
		};
/* End PBXSourcesBuildPhase section */

/* Begin PBXTargetDependency section */
		04CEF30A1EAB19550057A119 /* PBXTargetDependency */ = {
			isa = PBXTargetDependency;
			target = 04CEF2F01EAB19550057A119 /* MaldivesWhaleSharkResearch */;
			targetProxy = 04CEF3091EAB19550057A119 /* PBXContainerItemProxy */;
		};
		04CEF3151EAB19550057A119 /* PBXTargetDependency */ = {
			isa = PBXTargetDependency;
			target = 04CEF2F01EAB19550057A119 /* MaldivesWhaleSharkResearch */;
			targetProxy = 04CEF3141EAB19550057A119 /* PBXContainerItemProxy */;
		};
/* End PBXTargetDependency section */

/* Begin PBXVariantGroup section */
		04CEF2F81EAB19550057A119 /* Main.storyboard */ = {
			isa = PBXVariantGroup;
			children = (
				04CEF2F91EAB19550057A119 /* Base */,
			);
			name = Main.storyboard;
			sourceTree = "<group>";
		};
		04CEF3001EAB19550057A119 /* LaunchScreen.storyboard */ = {
			isa = PBXVariantGroup;
			children = (
				04CEF3011EAB19550057A119 /* Base */,
			);
			name = LaunchScreen.storyboard;
			sourceTree = "<group>";
		};
/* End PBXVariantGroup section */

/* Begin XCBuildConfiguration section */
		04CEF31A1EAB19550057A119 /* Debug */ = {
			isa = XCBuildConfiguration;
			buildSettings = {
				ALWAYS_SEARCH_USER_PATHS = NO;
				CLANG_ANALYZER_NONNULL = YES;
				CLANG_ANALYZER_NUMBER_OBJECT_CONVERSION = YES_AGGRESSIVE;
				CLANG_CXX_LANGUAGE_STANDARD = "gnu++0x";
				CLANG_CXX_LIBRARY = "libc++";
				CLANG_ENABLE_MODULES = YES;
				CLANG_ENABLE_OBJC_ARC = YES;
				CLANG_WARN_BOOL_CONVERSION = YES;
				CLANG_WARN_CONSTANT_CONVERSION = YES;
				CLANG_WARN_DIRECT_OBJC_ISA_USAGE = YES_ERROR;
				CLANG_WARN_DOCUMENTATION_COMMENTS = YES;
				CLANG_WARN_EMPTY_BODY = YES;
				CLANG_WARN_ENUM_CONVERSION = YES;
				CLANG_WARN_INFINITE_RECURSION = YES;
				CLANG_WARN_INT_CONVERSION = YES;
				CLANG_WARN_OBJC_ROOT_CLASS = YES_ERROR;
				CLANG_WARN_SUSPICIOUS_MOVE = YES;
				CLANG_WARN_UNREACHABLE_CODE = YES;
				CLANG_WARN__DUPLICATE_METHOD_MATCH = YES;
				"CODE_SIGN_IDENTITY[sdk=iphoneos*]" = "iPhone Developer";
				COPY_PHASE_STRIP = NO;
				DEBUG_INFORMATION_FORMAT = dwarf;
				ENABLE_STRICT_OBJC_MSGSEND = YES;
				ENABLE_TESTABILITY = YES;
				GCC_C_LANGUAGE_STANDARD = gnu99;
				GCC_DYNAMIC_NO_PIC = NO;
				GCC_NO_COMMON_BLOCKS = YES;
				GCC_OPTIMIZATION_LEVEL = 0;
				GCC_PREPROCESSOR_DEFINITIONS = (
					"DEBUG=1",
					"$(inherited)",
				);
				GCC_WARN_64_TO_32_BIT_CONVERSION = YES;
				GCC_WARN_ABOUT_RETURN_TYPE = YES_ERROR;
				GCC_WARN_UNDECLARED_SELECTOR = YES;
				GCC_WARN_UNINITIALIZED_AUTOS = YES_AGGRESSIVE;
				GCC_WARN_UNUSED_FUNCTION = YES;
				GCC_WARN_UNUSED_VARIABLE = YES;
				IPHONEOS_DEPLOYMENT_TARGET = 10.3;
				MTL_ENABLE_DEBUG_INFO = YES;
				ONLY_ACTIVE_ARCH = YES;
				SDKROOT = iphoneos;
				SWIFT_ACTIVE_COMPILATION_CONDITIONS = DEBUG;
				SWIFT_OPTIMIZATION_LEVEL = "-Onone";
				TARGETED_DEVICE_FAMILY = "1,2";
			};
			name = Debug;
		};
		04CEF31B1EAB19550057A119 /* Release */ = {
			isa = XCBuildConfiguration;
			buildSettings = {
				ALWAYS_SEARCH_USER_PATHS = NO;
				CLANG_ANALYZER_NONNULL = YES;
				CLANG_ANALYZER_NUMBER_OBJECT_CONVERSION = YES_AGGRESSIVE;
				CLANG_CXX_LANGUAGE_STANDARD = "gnu++0x";
				CLANG_CXX_LIBRARY = "libc++";
				CLANG_ENABLE_MODULES = YES;
				CLANG_ENABLE_OBJC_ARC = YES;
				CLANG_WARN_BOOL_CONVERSION = YES;
				CLANG_WARN_CONSTANT_CONVERSION = YES;
				CLANG_WARN_DIRECT_OBJC_ISA_USAGE = YES_ERROR;
				CLANG_WARN_DOCUMENTATION_COMMENTS = YES;
				CLANG_WARN_EMPTY_BODY = YES;
				CLANG_WARN_ENUM_CONVERSION = YES;
				CLANG_WARN_INFINITE_RECURSION = YES;
				CLANG_WARN_INT_CONVERSION = YES;
				CLANG_WARN_OBJC_ROOT_CLASS = YES_ERROR;
				CLANG_WARN_SUSPICIOUS_MOVE = YES;
				CLANG_WARN_UNREACHABLE_CODE = YES;
				CLANG_WARN__DUPLICATE_METHOD_MATCH = YES;
				"CODE_SIGN_IDENTITY[sdk=iphoneos*]" = "iPhone Developer";
				COPY_PHASE_STRIP = NO;
				DEBUG_INFORMATION_FORMAT = "dwarf-with-dsym";
				ENABLE_NS_ASSERTIONS = NO;
				ENABLE_STRICT_OBJC_MSGSEND = YES;
				GCC_C_LANGUAGE_STANDARD = gnu99;
				GCC_NO_COMMON_BLOCKS = YES;
				GCC_WARN_64_TO_32_BIT_CONVERSION = YES;
				GCC_WARN_ABOUT_RETURN_TYPE = YES_ERROR;
				GCC_WARN_UNDECLARED_SELECTOR = YES;
				GCC_WARN_UNINITIALIZED_AUTOS = YES_AGGRESSIVE;
				GCC_WARN_UNUSED_FUNCTION = YES;
				GCC_WARN_UNUSED_VARIABLE = YES;
				IPHONEOS_DEPLOYMENT_TARGET = 10.3;
				MTL_ENABLE_DEBUG_INFO = NO;
				SDKROOT = iphoneos;
				SWIFT_OPTIMIZATION_LEVEL = "-Owholemodule";
				TARGETED_DEVICE_FAMILY = "1,2";
				VALIDATE_PRODUCT = YES;
			};
			name = Release;
		};
		04CEF31D1EAB19550057A119 /* Debug */ = {
			isa = XCBuildConfiguration;
			baseConfigurationReference = 64E6BF5ADE52B1D1E72C0A48 /* Pods-MaldivesWhaleSharkResearch.debug.xcconfig */;
			buildSettings = {
				ASSETCATALOG_COMPILER_APPICON_NAME = AppIcon;
				DEVELOPMENT_TEAM = C94Z46D27H;
				INFOPLIST_FILE = MaldivesWhaleSharkResearch/Info.plist;
				IPHONEOS_DEPLOYMENT_TARGET = 11.0;
				LD_RUNPATH_SEARCH_PATHS = "$(inherited) @executable_path/Frameworks";
				PRODUCT_BUNDLE_IDENTIFIER = com.dooddevelopments.MaldivesWhaleSharkResearch.test;
				PRODUCT_NAME = "$(TARGET_NAME)";
				SWIFT_VERSION = 3.0;
			};
			name = Debug;
		};
		04CEF31E1EAB19550057A119 /* Release */ = {
			isa = XCBuildConfiguration;
			baseConfigurationReference = 0E3ED0F2E41A9A04FA2C636F /* Pods-MaldivesWhaleSharkResearch.release.xcconfig */;
			buildSettings = {
				ASSETCATALOG_COMPILER_APPICON_NAME = AppIcon;
				DEVELOPMENT_TEAM = C94Z46D27H;
				INFOPLIST_FILE = MaldivesWhaleSharkResearch/Info.plist;
				IPHONEOS_DEPLOYMENT_TARGET = 11.0;
				LD_RUNPATH_SEARCH_PATHS = "$(inherited) @executable_path/Frameworks";
				PRODUCT_BUNDLE_IDENTIFIER = com.dooddevelopments.MaldivesWhaleSharkResearch.test;
				PRODUCT_NAME = "$(TARGET_NAME)";
				SWIFT_VERSION = 3.0;
			};
			name = Release;
		};
		04CEF3201EAB19550057A119 /* Debug */ = {
			isa = XCBuildConfiguration;
			baseConfigurationReference = EB5842BBE278F730E30579EA /* Pods-MaldivesWhaleSharkResearchTests.debug.xcconfig */;
			buildSettings = {
				ALWAYS_EMBED_SWIFT_STANDARD_LIBRARIES = YES;
				BUNDLE_LOADER = "$(TEST_HOST)";
				DEVELOPMENT_TEAM = ERF7V8C7KW;
				INFOPLIST_FILE = MaldivesWhaleSharkResearchTests/Info.plist;
				LD_RUNPATH_SEARCH_PATHS = "$(inherited) @executable_path/Frameworks @loader_path/Frameworks";
				PRODUCT_BUNDLE_IDENTIFIER = com.dooddevelopments.MaldivesWhaleSharkResearchTests;
				PRODUCT_NAME = "$(TARGET_NAME)";
				SWIFT_VERSION = 3.0;
				TEST_HOST = "$(BUILT_PRODUCTS_DIR)/MaldivesWhaleSharkResearch.app/MaldivesWhaleSharkResearch";
			};
			name = Debug;
		};
		04CEF3211EAB19550057A119 /* Release */ = {
			isa = XCBuildConfiguration;
			baseConfigurationReference = 8DB22360E225F6EE928BBBDC /* Pods-MaldivesWhaleSharkResearchTests.release.xcconfig */;
			buildSettings = {
				ALWAYS_EMBED_SWIFT_STANDARD_LIBRARIES = YES;
				BUNDLE_LOADER = "$(TEST_HOST)";
				DEVELOPMENT_TEAM = ERF7V8C7KW;
				INFOPLIST_FILE = MaldivesWhaleSharkResearchTests/Info.plist;
				LD_RUNPATH_SEARCH_PATHS = "$(inherited) @executable_path/Frameworks @loader_path/Frameworks";
				PRODUCT_BUNDLE_IDENTIFIER = com.dooddevelopments.MaldivesWhaleSharkResearchTests;
				PRODUCT_NAME = "$(TARGET_NAME)";
				SWIFT_VERSION = 3.0;
				TEST_HOST = "$(BUILT_PRODUCTS_DIR)/MaldivesWhaleSharkResearch.app/MaldivesWhaleSharkResearch";
			};
			name = Release;
		};
		04CEF3231EAB19550057A119 /* Debug */ = {
			isa = XCBuildConfiguration;
			baseConfigurationReference = B6C2CF165336D275509E38FB /* Pods-MaldivesWhaleSharkResearchUITests.debug.xcconfig */;
			buildSettings = {
				ALWAYS_EMBED_SWIFT_STANDARD_LIBRARIES = YES;
				DEVELOPMENT_TEAM = ERF7V8C7KW;
				INFOPLIST_FILE = MaldivesWhaleSharkResearchUITests/Info.plist;
				LD_RUNPATH_SEARCH_PATHS = "$(inherited) @executable_path/Frameworks @loader_path/Frameworks";
				PRODUCT_BUNDLE_IDENTIFIER = com.dooddevelopments.MaldivesWhaleSharkResearchUITests;
				PRODUCT_NAME = "$(TARGET_NAME)";
				SWIFT_VERSION = 3.0;
				TEST_TARGET_NAME = MaldivesWhaleSharkResearch;
			};
			name = Debug;
		};
		04CEF3241EAB19550057A119 /* Release */ = {
			isa = XCBuildConfiguration;
			baseConfigurationReference = EE3C012FC0E5EF7D6D7639F1 /* Pods-MaldivesWhaleSharkResearchUITests.release.xcconfig */;
			buildSettings = {
				ALWAYS_EMBED_SWIFT_STANDARD_LIBRARIES = YES;
				DEVELOPMENT_TEAM = ERF7V8C7KW;
				INFOPLIST_FILE = MaldivesWhaleSharkResearchUITests/Info.plist;
				LD_RUNPATH_SEARCH_PATHS = "$(inherited) @executable_path/Frameworks @loader_path/Frameworks";
				PRODUCT_BUNDLE_IDENTIFIER = com.dooddevelopments.MaldivesWhaleSharkResearchUITests;
				PRODUCT_NAME = "$(TARGET_NAME)";
				SWIFT_VERSION = 3.0;
				TEST_TARGET_NAME = MaldivesWhaleSharkResearch;
			};
			name = Release;
		};
/* End XCBuildConfiguration section */

/* Begin XCConfigurationList section */
		04CEF2EC1EAB19550057A119 /* Build configuration list for PBXProject "MaldivesWhaleSharkResearch" */ = {
			isa = XCConfigurationList;
			buildConfigurations = (
				04CEF31A1EAB19550057A119 /* Debug */,
				04CEF31B1EAB19550057A119 /* Release */,
			);
			defaultConfigurationIsVisible = 0;
			defaultConfigurationName = Release;
		};
		04CEF31C1EAB19550057A119 /* Build configuration list for PBXNativeTarget "MaldivesWhaleSharkResearch" */ = {
			isa = XCConfigurationList;
			buildConfigurations = (
				04CEF31D1EAB19550057A119 /* Debug */,
				04CEF31E1EAB19550057A119 /* Release */,
			);
			defaultConfigurationIsVisible = 0;
			defaultConfigurationName = Release;
		};
		04CEF31F1EAB19550057A119 /* Build configuration list for PBXNativeTarget "MaldivesWhaleSharkResearchTests" */ = {
			isa = XCConfigurationList;
			buildConfigurations = (
				04CEF3201EAB19550057A119 /* Debug */,
				04CEF3211EAB19550057A119 /* Release */,
			);
			defaultConfigurationIsVisible = 0;
			defaultConfigurationName = Release;
		};
		04CEF3221EAB19550057A119 /* Build configuration list for PBXNativeTarget "MaldivesWhaleSharkResearchUITests" */ = {
			isa = XCConfigurationList;
			buildConfigurations = (
				04CEF3231EAB19550057A119 /* Debug */,
				04CEF3241EAB19550057A119 /* Release */,
			);
			defaultConfigurationIsVisible = 0;
			defaultConfigurationName = Release;
		};
/* End XCConfigurationList section */

/* Begin XCVersionGroup section */
		04CEF2FB1EAB19550057A119 /* MaldivesWhaleSharkResearch.xcdatamodeld */ = {
			isa = XCVersionGroup;
			children = (
				04CEF2FC1EAB19550057A119 /* MaldivesWhaleSharkResearch.xcdatamodel */,
			);
			currentVersion = 04CEF2FC1EAB19550057A119 /* MaldivesWhaleSharkResearch.xcdatamodel */;
			path = MaldivesWhaleSharkResearch.xcdatamodeld;
			sourceTree = "<group>";
			versionGroupType = wrapper.xcdatamodel;
		};
/* End XCVersionGroup section */
	};
	rootObject = 04CEF2E91EAB19550057A119 /* Project object */;
}
